
Microsoft Visual Studio Solution File, Format Version 12.00
# Visual Studio 15
VisualStudioVersion = 15.0.28307.329
MinimumVisualStudioVersion = 10.0.40219.1
Project("{8BC9CEB8-8B4A-11D0-8D11-00A0C91BC942}") = "Project1", "Project1\Project1.vcxproj", "{4ECEFF36-3F06-4DA2-BDD3-43B2F527894B}"
EndProject
Global
	GlobalSection(SolutionConfigurationPlatforms) = preSolution
		Debug|x64 = Debug|x64
		Debug|x86 = Debug|x86
		Release|x64 = Release|x64
		Release|x86 = Release|x86
	EndGlobalSection
	GlobalSection(ProjectConfigurationPlatforms) = postSolution
		{4ECEFF36-3F06-4DA2-BDD3-43B2F527894B}.Debug|x64.ActiveCfg = Debug|x64
		{4ECEFF36-3F06-4DA2-BDD3-43B2F527894B}.Debug|x64.Build.0 = Debug|x64
		{4ECEFF36-3F06-4DA2-BDD3-43B2F527894B}.Debug|x86.ActiveCfg = Debug|Win32
		{4ECEFF36-3F06-4DA2-BDD3-43B2F527894B}.Debug|x86.Build.0 = Debug|Win32
		{4ECEFF36-3F06-4DA2-BDD3-43B2F527894B}.Release|x64.ActiveCfg = Release|x64
		{4ECEFF36-3F06-4DA2-BDD3-43B2F527894B}.Release|x64.Build.0 = Release|x64
		{4ECEFF36-3F06-4DA2-BDD3-43B2F527894B}.Release|x86.ActiveCfg = Release|Win32
		{4ECEFF36-3F06-4DA2-BDD3-43B2F527894B}.Release|x86.Build.0 = Release|Win32
	EndGlobalSection
	GlobalSection(SolutionProperties) = preSolution
		HideSolutionNode = FALSE
	EndGlobalSection
	GlobalSection(ExtensibilityGlobals) = postSolution
		SolutionGuid = {ABBF43F7-B376-4A80-A949-A3A44F72062F}
	EndGlobalSection
EndGlobal
